
Microsoft Visual Studio Solution File, Format Version 12.00
# Visual Studio Version 17
VisualStudioVersion = 17.0.31903.59
MinimumVisualStudioVersion = 10.0.40219.1
Project("{FAE04EC0-301F-11D3-BF4B-00C04F79EFBC}") = "HavaDurumuAPI", "HavaDurumuAPI.csproj", "{82090903-205D-40F0-8830-20ED40EFF72E}"
EndProject
Project("{FAE04EC0-301F-11D3-BF4B-00C04F79EFBC}") = "HavaDurumuOrtak", "HavaDurumuOrtak\HavaDurumuOrtak.csproj", "{673DFAFD-A7A2-4520-8757-CC5DEC46A633}"
EndProject
Project("{FAE04EC0-301F-11D3-BF4B-00C04F79EFBC}") = "HavaDurumuConsumer", "HavaDurumuConsumer\HavaDurumuConsumer.csproj", "{1F661893-AE83-4D51-AB3F-AA43158D2809}"
EndProject
Global
	GlobalSection(SolutionConfigurationPlatforms) = preSolution
		Debug|Any CPU = Debug|Any CPU
		Release|Any CPU = Release|Any CPU
	EndGlobalSection
	GlobalSection(SolutionProperties) = preSolution
		HideSolutionNode = FALSE
	EndGlobalSection
	GlobalSection(ProjectConfigurationPlatforms) = postSolution
		{82090903-205D-40F0-8830-20ED40EFF72E}.Debug|Any CPU.ActiveCfg = Debug|Any CPU
		{82090903-205D-40F0-8830-20ED40EFF72E}.Debug|Any CPU.Build.0 = Debug|Any CPU
		{82090903-205D-40F0-8830-20ED40EFF72E}.Release|Any CPU.ActiveCfg = Release|Any CPU
		{82090903-205D-40F0-8830-20ED40EFF72E}.Release|Any CPU.Build.0 = Release|Any CPU
		{673DFAFD-A7A2-4520-8757-CC5DEC46A633}.Debug|Any CPU.ActiveCfg = Debug|Any CPU
		{673DFAFD-A7A2-4520-8757-CC5DEC46A633}.Debug|Any CPU.Build.0 = Debug|Any CPU
		{673DFAFD-A7A2-4520-8757-CC5DEC46A633}.Release|Any CPU.ActiveCfg = Release|Any CPU
		{673DFAFD-A7A2-4520-8757-CC5DEC46A633}.Release|Any CPU.Build.0 = Release|Any CPU
		{1F661893-AE83-4D51-AB3F-AA43158D2809}.Debug|Any CPU.ActiveCfg = Debug|Any CPU
		{1F661893-AE83-4D51-AB3F-AA43158D2809}.Debug|Any CPU.Build.0 = Debug|Any CPU
		{1F661893-AE83-4D51-AB3F-AA43158D2809}.Release|Any CPU.ActiveCfg = Release|Any CPU
		{1F661893-AE83-4D51-AB3F-AA43158D2809}.Release|Any CPU.Build.0 = Release|Any CPU
	EndGlobalSection
EndGlobal
